{
  "name": "types",
  "version": "0.0.1",
  "lockfileVersion": 1,
  "requires": true,
  "dependencies": {
    "deep": {
      "version": "git+http://git@localhost:7005/deep#4aae9de92e51b5a92ef2195e1680ebfee79da3f9",
      "dev": true
    },
    "test": {
      "version": "git+http://git@localhost:7005/test#6eed54c73f23b5f2a0f5b761acb7cc65e4f637b5",
      "dev": true,
      "requires": {
        "deep": "git+http://git@localhost:7005/deep#4aae9de92e51b5a92ef2195e1680ebfee79da3f9",
        "types": "git+http://git@localhost:7005/types#2e75f007e38be031045c4b31b5828fa5e20f6113"
      }
    },
    "types": {
      "version": "git+http://git@localhost:7005/types#2e75f007e38be031045c4b31b5828fa5e20f6113",
      "dev": true
    }
  }
}
