{
  "name": "types",
  "version": "0.0.1",
  "lockfileVersion": 1,
  "requires": true,
  "dependencies": {
    "test": {
      "version": "file:../test",
      "dev": true,
      "requires": {
        "argv": "file:../argv",
        "types": "file:"
      },
      "dependencies": {
        "argv": {
          "version": "file:../argv",
          "bundled": true,
          "dependencies": {
            "test": {
              "version": "1.0.0",
              "bundled": true,
              "requires": {
                "types": "file:"
              },
              "dependencies": {
                "types": {
                  "version": "file:",
                  "bundled": true,
                  "requires": {
                    "argv": "file:../argv"
                  },
                  "dependencies": {
                    "argv": {
                      "version": "file:../argv",
                      "bundled": true,
                      "dependencies": {
                        "test": {
                          "version": "1.0.0",
                          "bundled": true,
                          "requires": {
                            "argv": "file:../argv",
                            "types": "file:"
                          },
                          "dependencies": {
                            "argv": {
                              "version": "file:../argv",
                              "bundled": true,
                              "dependencies": {
                                "test": {
                                  "version": "1.0.0",
                                  "bundled": true,
                                  "requires": {
                                    "argv": "file:../argv",
                                    "types": "file:"
                                  },
                                  "dependencies": {}
                                }
                              }
                            },
                            "types": {
                              "version": "file:",
                              "bundled": true,
                              "requires": {
                                "argv": "file:../argv"
                              },
                              "dependencies": {
                                "argv": {
                                  "version": "file:../argv",
                                  "bundled": true,
                                  "dependencies": {
                                    "test": {
                                      "version": "1.0.0",
                                      "bundled": true,
                                      "requires": {
                                        "argv": "file:../argv",
                                        "types": "file:"
                                      },
                                      "dependencies": {}
                                    }
                                  }
                                },
                                "argv.node_modules": {
                                  "version": "",
                                  "bundled": true
                                }
                              }
                            }
                          }
                        }
                      }
                    },
                    "test": {
                      "version": "1.0.0",
                      "bundled": true,
                      "requires": {
                        "argv": "file:../argv",
                        "types": "file:"
                      },
                      "dependencies": {}
                    }
                  }
                }
              }
            },
            "types": {
              "version": "file:",
              "bundled": true,
              "requires": {
                "argv": "file:../argv"
              },
              "dependencies": {}
            }
          }
        },
        "types": {
          "version": "file:",
          "bundled": true,
          "dev": true,
          "dependencies": {
            "argv": {
              "version": "file:../argv",
              "bundled": true,
              "dev": true
            }
          }
        }
      }
    }
  }
}
