{
  "name": "types",
  "version": "0.0.1",
  "lockfileVersion": 1,
  "requires": true,
  "dependencies": {
    "test": {
      "version": "git+http://git@localhost:7005/test#291271f4122866ad7e41dceaebdd18f3243df034",
      "dev": true,
      "requires": {
        "deep": "git+http://git@localhost:7005/deep#a068325f8b3413e42f00ec421211a71e164d777d",
        "types": "git+http://git@localhost:7005/types#7dd2e99f0e0719f8111d6da931ea5888b099dd16"
      },
      "dependencies": {
        "deep": {
          "version": "git+http://git@localhost:7005/deep#a068325f8b3413e42f00ec421211a71e164d777d",
          "dev": true
        },
        "types": {
          "version": "git+http://git@localhost:7005/types#7dd2e99f0e0719f8111d6da931ea5888b099dd16",
          "dev": true
        }
      }
    }
  }
}
