# THIS IS AN AUTOGENERATED FILE. DO NOT EDIT THIS FILE DIRECTLY.
# yarn lockfile v1


"config@file:../config":
  version "0.0.1"
  dependencies:
    types "file:../../../../.cache/yarn/v1/types"

"deep@file:../deep":
  version "0.0.1"
  dependencies:
    types "file:../../../../.cache/yarn/v1/types"

"test@file:../test":
  version "0.0.1"
  dependencies:
    config "file:../../../../.cache/yarn/v1/config"
    deep "file:../../../../.cache/yarn/v1/deep"
    types "file:../../../../.cache/yarn/v1/types"

"types@file:.":
  version "0.0.1"
