# THIS IS AN AUTOGENERATED FILE. DO NOT EDIT THIS FILE DIRECTLY.
# yarn lockfile v1


"deep@git+http://git@localhost:7005/deep":
  version "0.0.1"
  resolved "git+http://git@localhost:7005/deep#4aae9de92e51b5a92ef2195e1680ebfee79da3f9"

"test@git+http://git@localhost:7005/test":
  version "0.0.1"
  resolved "git+http://git@localhost:7005/test#6eed54c73f23b5f2a0f5b761acb7cc65e4f637b5"
  dependencies:
    deep "git+http://git@localhost:7005/deep"
    types "git+http://git@localhost:7005/types"

"types@git+http://git@localhost:7005/types":
  version "0.0.1"
  resolved "git+http://git@localhost:7005/types#9c3460d30e82ef91200b391583842613c3d03288"
